
Microsoft Visual Studio Solution File, Format Version 12.00
# Visual Studio 14
VisualStudioVersion = 14.0.23107.0
MinimumVisualStudioVersion = 10.0.40219.1
Project("{FAE04EC0-301F-11D3-BF4B-00C04F79EFBC}") = "WeatherAssignment", "WeatherAssignment\WeatherAssignment.csproj", "{5D8C75ED-BA2A-4878-95A0-EE7D4A29D12B}"
EndProject
Project("{FAE04EC0-301F-11D3-BF4B-00C04F79EFBC}") = "TDD", "TDD\TDD.csproj", "{30297307-731E-45D1-AB86-5E46143525CB}"
EndProject
Project("{FAE04EC0-301F-11D3-BF4B-00C04F79EFBC}") = "Console", "Console\Console.csproj", "{AFDE9F9A-CCD8-4EC7-A965-E1E42DB46C79}"
EndProject
Global
	GlobalSection(SolutionConfigurationPlatforms) = preSolution
		Debug|Any CPU = Debug|Any CPU
		Release|Any CPU = Release|Any CPU
	EndGlobalSection
	GlobalSection(ProjectConfigurationPlatforms) = postSolution
		{5D8C75ED-BA2A-4878-95A0-EE7D4A29D12B}.Debug|Any CPU.ActiveCfg = Debug|Any CPU
		{5D8C75ED-BA2A-4878-95A0-EE7D4A29D12B}.Debug|Any CPU.Build.0 = Debug|Any CPU
		{5D8C75ED-BA2A-4878-95A0-EE7D4A29D12B}.Release|Any CPU.ActiveCfg = Release|Any CPU
		{5D8C75ED-BA2A-4878-95A0-EE7D4A29D12B}.Release|Any CPU.Build.0 = Release|Any CPU
		{30297307-731E-45D1-AB86-5E46143525CB}.Debug|Any CPU.ActiveCfg = Debug|Any CPU
		{30297307-731E-45D1-AB86-5E46143525CB}.Debug|Any CPU.Build.0 = Debug|Any CPU
		{30297307-731E-45D1-AB86-5E46143525CB}.Release|Any CPU.ActiveCfg = Release|Any CPU
		{30297307-731E-45D1-AB86-5E46143525CB}.Release|Any CPU.Build.0 = Release|Any CPU
		{AFDE9F9A-CCD8-4EC7-A965-E1E42DB46C79}.Debug|Any CPU.ActiveCfg = Debug|Any CPU
		{AFDE9F9A-CCD8-4EC7-A965-E1E42DB46C79}.Debug|Any CPU.Build.0 = Debug|Any CPU
		{AFDE9F9A-CCD8-4EC7-A965-E1E42DB46C79}.Release|Any CPU.ActiveCfg = Release|Any CPU
		{AFDE9F9A-CCD8-4EC7-A965-E1E42DB46C79}.Release|Any CPU.Build.0 = Release|Any CPU
	EndGlobalSection
	GlobalSection(SolutionProperties) = preSolution
		HideSolutionNode = FALSE
	EndGlobalSection
EndGlobal
